Microsoft Visual Studio Solution File, Format Version 12.00
# Visual Studio Version 17
VisualStudioVersion = 17.5.2.0
MinimumVisualStudioVersion = 10.0.40219.1
Project("{FAE04EC0-301F-11D3-BF4B-00C04F79EFBC}") = "EntityAssignment2", "EntityAssignment2.csproj", "{599FC9EF-11E4-1977-D88A-0D0504320BF9}"
EndProject
Global
	GlobalSection(SolutionConfigurationPlatforms) = preSolution
		Debug|Any CPU = Debug|Any CPU
		Release|Any CPU = Release|Any CPU
	EndGlobalSection
	GlobalSection(ProjectConfigurationPlatforms) = postSolution
		{599FC9EF-11E4-1977-D88A-0D0504320BF9}.Debug|Any CPU.ActiveCfg = Debug|Any CPU
		{599FC9EF-11E4-1977-D88A-0D0504320BF9}.Debug|Any CPU.Build.0 = Debug|Any CPU
		{599FC9EF-11E4-1977-D88A-0D0504320BF9}.Release|Any CPU.ActiveCfg = Release|Any CPU
		{599FC9EF-11E4-1977-D88A-0D0504320BF9}.Release|Any CPU.Build.0 = Release|Any CPU
	EndGlobalSection
	GlobalSection(SolutionProperties) = preSolution
		HideSolutionNode = FALSE
	EndGlobalSection
	GlobalSection(ExtensibilityGlobals) = postSolution
		SolutionGuid = {58F99F40-D39D-45D7-884D-5C705896B68F}
	EndGlobalSection
EndGlobal
